{
  "version": 4,
  "terraform_version": "1.5.4",
  "serial": 22,
  "lineage": "6b0f5536-e418-8b51-7a26-d71c740ccfdd",
  "outputs": {
    "aws_instance_http_server_details": {
      "value": {
        "ami": "ami-09538990a0c4fe9be",
        "arn": "arn:aws:ec2:us-east-1:362237829781:instance/i-08620ce3735fc9675",
        "associate_public_ip_address": true,
        "availability_zone": "us-east-1c",
        "cpu_core_count": 1,
        "cpu_threads_per_core": 1,
        "credit_specification": [
          {
            "cpu_credits": "standard"
          }
        ],
        "disable_api_termination": false,
        "ebs_block_device": [],
        "ebs_optimized": false,
        "ephemeral_block_device": [],
        "get_password_data": false,
        "hibernation": false,
        "host_id": null,
        "iam_instance_profile": "",
        "id": "i-08620ce3735fc9675",
        "instance_initiated_shutdown_behavior": null,
        "instance_state": "running",
        "instance_type": "t2.micro",
        "ipv6_address_count": 0,
        "ipv6_addresses": [],
        "key_name": "default-ec2",
        "metadata_options": [
          {
            "http_endpoint": "enabled",
            "http_put_response_hop_limit": 1,
            "http_tokens": "optional"
          }
        ],
        "monitoring": false,
        "network_interface": [],
        "network_interface_id": null,
        "outpost_arn": "",
        "password_data": "",
        "placement_group": "",
        "primary_network_interface_id": "eni-03e2c2bb2730f540a",
        "private_dns": "ip-172-31-91-241.ec2.internal",
        "private_ip": "172.31.91.241",
        "public_dns": "ec2-3-84-94-249.compute-1.amazonaws.com",
        "public_ip": "3.84.94.249",
        "root_block_device": [
          {
            "delete_on_termination": true,
            "device_name": "/dev/xvda",
            "encrypted": false,
            "iops": 100,
            "kms_key_id": "",
            "volume_id": "vol-07b975b11ea2a6811",
            "volume_size": 8,
            "volume_type": "gp2"
          }
        ],
        "security_groups": [
          "http_server_sg"
        ],
        "source_dest_check": true,
        "subnet_id": "subnet-032152eb8fd0fe039",
        "tags": {},
        "tenancy": "default",
        "timeouts": null,
        "user_data": null,
        "user_data_base64": null,
        "volume_tags": {},
        "vpc_security_group_ids": [
          "sg-02d85196d0a91fd60"
        ]
      },
      "type": [
        "object",
        {
          "ami": "string",
          "arn": "string",
          "associate_public_ip_address": "bool",
          "availability_zone": "string",
          "cpu_core_count": "number",
          "cpu_threads_per_core": "number",
          "credit_specification": [
            "list",
            [
              "object",
              {
                "cpu_credits": "string"
              }
            ]
          ],
          "disable_api_termination": "bool",
          "ebs_block_device": [
            "set",
            [
              "object",
              {
                "delete_on_termination": "bool",
                "device_name": "string",
                "encrypted": "bool",
                "iops": "number",
                "kms_key_id": "string",
                "snapshot_id": "string",
                "volume_id": "string",
                "volume_size": "number",
                "volume_type": "string"
              }
            ]
          ],
          "ebs_optimized": "bool",
          "ephemeral_block_device": [
            "set",
            [
              "object",
              {
                "device_name": "string",
                "no_device": "bool",
                "virtual_name": "string"
              }
            ]
          ],
          "get_password_data": "bool",
          "hibernation": "bool",
          "host_id": "string",
          "iam_instance_profile": "string",
          "id": "string",
          "instance_initiated_shutdown_behavior": "string",
          "instance_state": "string",
          "instance_type": "string",
          "ipv6_address_count": "number",
          "ipv6_addresses": [
            "list",
            "string"
          ],
          "key_name": "string",
          "metadata_options": [
            "list",
            [
              "object",
              {
                "http_endpoint": "string",
                "http_put_response_hop_limit": "number",
                "http_tokens": "string"
              }
            ]
          ],
          "monitoring": "bool",
          "network_interface": [
            "set",
            [
              "object",
              {
                "delete_on_termination": "bool",
                "device_index": "number",
                "network_interface_id": "string"
              }
            ]
          ],
          "network_interface_id": "string",
          "outpost_arn": "string",
          "password_data": "string",
          "placement_group": "string",
          "primary_network_interface_id": "string",
          "private_dns": "string",
          "private_ip": "string",
          "public_dns": "string",
          "public_ip": "string",
          "root_block_device": [
            "list",
            [
              "object",
              {
                "delete_on_termination": "bool",
                "device_name": "string",
                "encrypted": "bool",
                "iops": "number",
                "kms_key_id": "string",
                "volume_id": "string",
                "volume_size": "number",
                "volume_type": "string"
              }
            ]
          ],
          "security_groups": [
            "set",
            "string"
          ],
          "source_dest_check": "bool",
          "subnet_id": "string",
          "tags": [
            "map",
            "string"
          ],
          "tenancy": "string",
          "timeouts": [
            "object",
            {
              "create": "string",
              "delete": "string",
              "update": "string"
            }
          ],
          "user_data": "string",
          "user_data_base64": "string",
          "volume_tags": [
            "map",
            "string"
          ],
          "vpc_security_group_ids": [
            "set",
            "string"
          ]
        }
      ]
    },
    "aws_security_group_http_server_details": {
      "value": {
        "arn": "arn:aws:ec2:us-east-1:362237829781:security-group/sg-02d85196d0a91fd60",
        "description": "Managed by Terraform",
        "egress": [
          {
            "cidr_blocks": [
              "0.0.0.0/0"
            ],
            "description": "",
            "from_port": 0,
            "ipv6_cidr_blocks": [],
            "prefix_list_ids": [],
            "protocol": "-1",
            "security_groups": [],
            "self": false,
            "to_port": 0
          }
        ],
        "id": "sg-02d85196d0a91fd60",
        "ingress": [
          {
            "cidr_blocks": [
              "0.0.0.0/0"
            ],
            "description": "",
            "from_port": 2,
            "ipv6_cidr_blocks": [],
            "prefix_list_ids": [],
            "protocol": "tcp",
            "security_groups": [],
            "self": false,
            "to_port": 22
          },
          {
            "cidr_blocks": [
              "0.0.0.0/0"
            ],
            "description": "",
            "from_port": 80,
            "ipv6_cidr_blocks": [],
            "prefix_list_ids": [],
            "protocol": "tcp",
            "security_groups": [],
            "self": false,
            "to_port": 80
          }
        ],
        "name": "http_server_sg",
        "name_prefix": null,
        "owner_id": "362237829781",
        "revoke_rules_on_delete": false,
        "tags": {
          "name": "http_server_sg"
        },
        "timeouts": null,
        "vpc_id": "vpc-0eb937cb061740c4e"
      },
      "type": [
        "object",
        {
          "arn": "string",
          "description": "string",
          "egress": [
            "set",
            [
              "object",
              {
                "cidr_blocks": [
                  "list",
                  "string"
                ],
                "description": "string",
                "from_port": "number",
                "ipv6_cidr_blocks": [
                  "list",
                  "string"
                ],
                "prefix_list_ids": [
                  "list",
                  "string"
                ],
                "protocol": "string",
                "security_groups": [
                  "set",
                  "string"
                ],
                "self": "bool",
                "to_port": "number"
              }
            ]
          ],
          "id": "string",
          "ingress": [
            "set",
            [
              "object",
              {
                "cidr_blocks": [
                  "list",
                  "string"
                ],
                "description": "string",
                "from_port": "number",
                "ipv6_cidr_blocks": [
                  "list",
                  "string"
                ],
                "prefix_list_ids": [
                  "list",
                  "string"
                ],
                "protocol": "string",
                "security_groups": [
                  "set",
                  "string"
                ],
                "self": "bool",
                "to_port": "number"
              }
            ]
          ],
          "name": "string",
          "name_prefix": "string",
          "owner_id": "string",
          "revoke_rules_on_delete": "bool",
          "tags": [
            "map",
            "string"
          ],
          "timeouts": [
            "object",
            {
              "create": "string",
              "delete": "string"
            }
          ],
          "vpc_id": "string"
        }
      ]
    }
  },
  "resources": [
    {
      "mode": "data",
      "type": "aws_subnet_ids",
      "name": "default_subnets",
      "provider": "provider[\"registry.terraform.io/hashicorp/aws\"]",
      "instances": [
        {
          "schema_version": 0,
          "attributes": {
            "filter": null,
            "id": "vpc-0eb937cb061740c4e",
            "ids": [
              "subnet-002a848052190ae4f",
              "subnet-032152eb8fd0fe039",
              "subnet-0549e36943434368b",
              "subnet-0d4017e149d37fb66",
              "subnet-0d9aa40835d124f4d",
              "subnet-0ee22985b188bb740"
            ],
            "tags": null,
            "vpc_id": "vpc-0eb937cb061740c4e"
          },
          "sensitive_attributes": []
        }
      ]
    },
    {
      "mode": "managed",
      "type": "aws_default_vpc",
      "name": "default",
      "provider": "provider[\"registry.terraform.io/hashicorp/aws\"]",
      "instances": [
        {
          "schema_version": 1,
          "attributes": {
            "arn": "arn:aws:ec2:us-east-1:362237829781:vpc/vpc-0eb937cb061740c4e",
            "assign_generated_ipv6_cidr_block": false,
            "cidr_block": "172.31.0.0/16",
            "default_network_acl_id": "acl-0e7bdf8fdec8b7f68",
            "default_route_table_id": "rtb-0b3d3a0db9fc3cafa",
            "default_security_group_id": "sg-02815ae0b45362da0",
            "dhcp_options_id": "dopt-00324a3df4be9db6d",
            "enable_classiclink": false,
            "enable_classiclink_dns_support": false,
            "enable_dns_hostnames": true,
            "enable_dns_support": true,
            "id": "vpc-0eb937cb061740c4e",
            "instance_tenancy": "default",
            "ipv6_association_id": "",
            "ipv6_cidr_block": "",
            "main_route_table_id": "rtb-0b3d3a0db9fc3cafa",
            "owner_id": "362237829781",
            "tags": {}
          },
          "sensitive_attributes": [],
          "private": "eyJzY2hlbWFfdmVyc2lvbiI6IjEifQ=="
        }
      ]
    },
    {
      "mode": "managed",
      "type": "aws_instance",
      "name": "http_server",
      "provider": "provider[\"registry.terraform.io/hashicorp/aws\"]",
      "instances": [
        {
          "schema_version": 1,
          "attributes": {
            "ami": "ami-09538990a0c4fe9be",
            "arn": "arn:aws:ec2:us-east-1:362237829781:instance/i-08620ce3735fc9675",
            "associate_public_ip_address": true,
            "availability_zone": "us-east-1c",
            "cpu_core_count": 1,
            "cpu_threads_per_core": 1,
            "credit_specification": [
              {
                "cpu_credits": "standard"
              }
            ],
            "disable_api_termination": false,
            "ebs_block_device": [],
            "ebs_optimized": false,
            "ephemeral_block_device": [],
            "get_password_data": false,
            "hibernation": false,
            "host_id": null,
            "iam_instance_profile": "",
            "id": "i-08620ce3735fc9675",
            "instance_initiated_shutdown_behavior": null,
            "instance_state": "running",
            "instance_type": "t2.micro",
            "ipv6_address_count": 0,
            "ipv6_addresses": [],
            "key_name": "default-ec2",
            "metadata_options": [
              {
                "http_endpoint": "enabled",
                "http_put_response_hop_limit": 1,
                "http_tokens": "optional"
              }
            ],
            "monitoring": false,
            "network_interface": [],
            "network_interface_id": null,
            "outpost_arn": "",
            "password_data": "",
            "placement_group": "",
            "primary_network_interface_id": "eni-03e2c2bb2730f540a",
            "private_dns": "ip-172-31-91-241.ec2.internal",
            "private_ip": "172.31.91.241",
            "public_dns": "ec2-3-84-94-249.compute-1.amazonaws.com",
            "public_ip": "3.84.94.249",
            "root_block_device": [
              {
                "delete_on_termination": true,
                "device_name": "/dev/xvda",
                "encrypted": false,
                "iops": 100,
                "kms_key_id": "",
                "volume_id": "vol-07b975b11ea2a6811",
                "volume_size": 8,
                "volume_type": "gp2"
              }
            ],
            "security_groups": [
              "http_server_sg"
            ],
            "source_dest_check": true,
            "subnet_id": "subnet-032152eb8fd0fe039",
            "tags": {},
            "tenancy": "default",
            "timeouts": null,
            "user_data": null,
            "user_data_base64": null,
            "volume_tags": {},
            "vpc_security_group_ids": [
              "sg-02d85196d0a91fd60"
            ]
          },
          "sensitive_attributes": [],
          "private": "eyJlMmJmYjczMC1lY2FhLTExZTYtOGY4OC0zNDM2M2JjN2M0YzAiOnsiY3JlYXRlIjo2MDAwMDAwMDAwMDAsImRlbGV0ZSI6MTIwMDAwMDAwMDAwMCwidXBkYXRlIjo2MDAwMDAwMDAwMDB9LCJzY2hlbWFfdmVyc2lvbiI6IjEifQ==",
          "dependencies": [
            "aws_default_vpc.default",
            "aws_security_group.http_server_sg"
          ]
        }
      ]
    },
    {
      "mode": "managed",
      "type": "aws_security_group",
      "name": "http_server_sg",
      "provider": "provider[\"registry.terraform.io/hashicorp/aws\"]",
      "instances": [
        {
          "schema_version": 1,
          "attributes": {
            "arn": "arn:aws:ec2:us-east-1:362237829781:security-group/sg-02d85196d0a91fd60",
            "description": "Managed by Terraform",
            "egress": [
              {
                "cidr_blocks": [
                  "0.0.0.0/0"
                ],
                "description": "",
                "from_port": 0,
                "ipv6_cidr_blocks": [],
                "prefix_list_ids": [],
                "protocol": "-1",
                "security_groups": [],
                "self": false,
                "to_port": 0
              }
            ],
            "id": "sg-02d85196d0a91fd60",
            "ingress": [
              {
                "cidr_blocks": [
                  "0.0.0.0/0"
                ],
                "description": "",
                "from_port": 2,
                "ipv6_cidr_blocks": [],
                "prefix_list_ids": [],
                "protocol": "tcp",
                "security_groups": [],
                "self": false,
                "to_port": 22
              },
              {
                "cidr_blocks": [
                  "0.0.0.0/0"
                ],
                "description": "",
                "from_port": 80,
                "ipv6_cidr_blocks": [],
                "prefix_list_ids": [],
                "protocol": "tcp",
                "security_groups": [],
                "self": false,
                "to_port": 80
              }
            ],
            "name": "http_server_sg",
            "name_prefix": null,
            "owner_id": "362237829781",
            "revoke_rules_on_delete": false,
            "tags": {
              "name": "http_server_sg"
            },
            "timeouts": null,
            "vpc_id": "vpc-0eb937cb061740c4e"
          },
          "sensitive_attributes": [],
          "private": "eyJlMmJmYjczMC1lY2FhLTExZTYtOGY4OC0zNDM2M2JjN2M0YzAiOnsiY3JlYXRlIjo2MDAwMDAwMDAwMDAsImRlbGV0ZSI6NjAwMDAwMDAwMDAwfSwic2NoZW1hX3ZlcnNpb24iOiIxIn0=",
          "dependencies": [
            "aws_default_vpc.default"
          ]
        }
      ]
    }
  ],
  "check_results": null
}
